
Microsoft Visual Studio Solution File, Format Version 12.00
# Visual Studio Version 16
VisualStudioVersion = 16.0.30503.244
MinimumVisualStudioVersion = 10.0.40219.1
Project("{9A19103F-16F7-4668-BE54-9A1E7A4F7556}") = "FindMeFoodTrucks.Ingestor", "FindMeFoodTrucks.Ingestor\FindMeFoodTrucks.Ingestor.csproj", "{079406FC-D964-4B42-B612-D8D9A5CDFEC1}"
EndProject
Project("{9A19103F-16F7-4668-BE54-9A1E7A4F7556}") = "FindMeFoodTrucks.UnitTests", "FindMeFoodTrucks.UnitTests\FindMeFoodTrucks.UnitTests.csproj", "{D52D6CA2-D17A-4890-9DD9-7F36ADF0ABFA}"
EndProject
Project("{9A19103F-16F7-4668-BE54-9A1E7A4F7556}") = "FindMeFoodTrucks.WebAPI", "FindMeFoodTrucks.WebAPI\FindMeFoodTrucks.WebAPI.csproj", "{5ADCF9FC-5002-47CB-B5DE-1B18003524E8}"
EndProject
Project("{9A19103F-16F7-4668-BE54-9A1E7A4F7556}") = "FindMeFoodTrucks.Models", "FindMeFoodTrucks.Models\FindMeFoodTrucks.Models.csproj", "{A3070B7C-1375-4B11-8352-3B7A15A5D5AB}"
EndProject
Project("{9A19103F-16F7-4668-BE54-9A1E7A4F7556}") = "FindMeFoodTruck.DAL.Cosmos", "FindMeFoodTruck.DAL.Cosmos\FindMeFoodTruck.DAL.Cosmos.csproj", "{55A17DEB-A192-4761-877D-9897208C59C4}"
EndProject
Global
	GlobalSection(SolutionConfigurationPlatforms) = preSolution
		Debug|Any CPU = Debug|Any CPU
		Release|Any CPU = Release|Any CPU
	EndGlobalSection
	GlobalSection(ProjectConfigurationPlatforms) = postSolution
		{079406FC-D964-4B42-B612-D8D9A5CDFEC1}.Debug|Any CPU.ActiveCfg = Debug|Any CPU
		{079406FC-D964-4B42-B612-D8D9A5CDFEC1}.Debug|Any CPU.Build.0 = Debug|Any CPU
		{079406FC-D964-4B42-B612-D8D9A5CDFEC1}.Release|Any CPU.ActiveCfg = Release|Any CPU
		{079406FC-D964-4B42-B612-D8D9A5CDFEC1}.Release|Any CPU.Build.0 = Release|Any CPU
		{D52D6CA2-D17A-4890-9DD9-7F36ADF0ABFA}.Debug|Any CPU.ActiveCfg = Debug|Any CPU
		{D52D6CA2-D17A-4890-9DD9-7F36ADF0ABFA}.Debug|Any CPU.Build.0 = Debug|Any CPU
		{D52D6CA2-D17A-4890-9DD9-7F36ADF0ABFA}.Release|Any CPU.ActiveCfg = Release|Any CPU
		{D52D6CA2-D17A-4890-9DD9-7F36ADF0ABFA}.Release|Any CPU.Build.0 = Release|Any CPU
		{5ADCF9FC-5002-47CB-B5DE-1B18003524E8}.Debug|Any CPU.ActiveCfg = Debug|Any CPU
		{5ADCF9FC-5002-47CB-B5DE-1B18003524E8}.Debug|Any CPU.Build.0 = Debug|Any CPU
		{5ADCF9FC-5002-47CB-B5DE-1B18003524E8}.Release|Any CPU.ActiveCfg = Release|Any CPU
		{5ADCF9FC-5002-47CB-B5DE-1B18003524E8}.Release|Any CPU.Build.0 = Release|Any CPU
		{A3070B7C-1375-4B11-8352-3B7A15A5D5AB}.Debug|Any CPU.ActiveCfg = Debug|Any CPU
		{A3070B7C-1375-4B11-8352-3B7A15A5D5AB}.Debug|Any CPU.Build.0 = Debug|Any CPU
		{A3070B7C-1375-4B11-8352-3B7A15A5D5AB}.Release|Any CPU.ActiveCfg = Release|Any CPU
		{A3070B7C-1375-4B11-8352-3B7A15A5D5AB}.Release|Any CPU.Build.0 = Release|Any CPU
		{55A17DEB-A192-4761-877D-9897208C59C4}.Debug|Any CPU.ActiveCfg = Debug|Any CPU
		{55A17DEB-A192-4761-877D-9897208C59C4}.Debug|Any CPU.Build.0 = Debug|Any CPU
		{55A17DEB-A192-4761-877D-9897208C59C4}.Release|Any CPU.ActiveCfg = Release|Any CPU
		{55A17DEB-A192-4761-877D-9897208C59C4}.Release|Any CPU.Build.0 = Release|Any CPU
	EndGlobalSection
	GlobalSection(SolutionProperties) = preSolution
		HideSolutionNode = FALSE
	EndGlobalSection
	GlobalSection(ExtensibilityGlobals) = postSolution
		SolutionGuid = {9279F4D7-F10B-4618-BC33-A91ED510676E}
	EndGlobalSection
EndGlobal
